// !$*UTF8*$!
{
	archiveVersion = 1;
	classes = {
	};
	objectVersion = 77;
	objects = {

/* Begin PBXContainerItemProxy section */
		6F4568CD2FFF392600089E28 /* PBXContainerItemProxy */ = {
			isa = PBXContainerItemProxy;
			containerPortal = 6F4568A92FFF392400089E28 /* Project object */;
			proxyType = 1;
			remoteGlobalIDString = 6F4568B02FFF392400089E28;
			remoteInfo = XpertCodeTest;
		};
		6F4568D72FFF392600089E28 /* PBXContainerItemProxy */ = {
			isa = PBXContainerItemProxy;
			containerPortal = 6F4568A92FFF392400089E28 /* Project object */;
			proxyType = 1;
			remoteGlobalIDString = 6F4568B02FFF392400089E28;
			remoteInfo = XpertCodeTest;
		};
/* End PBXContainerItemProxy section */

/* Begin PBXFileReference section */
		6F4568B12FFF392400089E28 /* XpertCodeTest.app */ = {isa = PBXFileReference; explicitFileType = wrapper.application; includeInIndex = 0; path = XpertCodeTest.app; sourceTree = BUILT_PRODUCTS_DIR; };
		6F4568CC2FFF392600089E28 /* XpertCodeTestTests.xctest */ = {isa = PBXFileReference; explicitFileType = wrapper.cfbundle; includeInIndex = 0; path = XpertCodeTestTests.xctest; sourceTree = BUILT_PRODUCTS_DIR; };
		6F4568D62FFF392600089E28 /* XpertCodeTestUITests.xctest */ = {isa = PBXFileReference; explicitFileType = wrapper.cfbundle; includeInIndex = 0; path = XpertCodeTestUITests.xctest; sourceTree = BUILT_PRODUCTS_DIR; };
/* End PBXFileReference section */

/* Begin PBXFileSystemSynchronizedBuildFileExceptionSet section */
		6F4568DE2FFF392600089E28 /* Exceptions for "XpertCodeTest" folder in "XpertCodeTest" target */ = {
			isa = PBXFileSystemSynchronizedBuildFileExceptionSet;
			membershipExceptions = (
				Info.plist,
			);
			target = 6F4568B02FFF392400089E28 /* XpertCodeTest */;
		};
		6FF0B36D3004019E00D71301 /* Exceptions for "XpertCodeTest" folder in "XpertCodeTestTests" target */ = {
			isa = PBXFileSystemSynchronizedBuildFileExceptionSet;
			membershipExceptions = (
				persistence/XpertCodeTest.xcdatamodeld,
			);
			target = 6F4568CB2FFF392600089E28 /* XpertCodeTestTests */;
		};
		6FF0B36E3004019E00D71301 /* Exceptions for "XpertCodeTest" folder in "XpertCodeTestUITests" target */ = {
			isa = PBXFileSystemSynchronizedBuildFileExceptionSet;
			membershipExceptions = (
				persistence/XpertCodeTest.xcdatamodeld,
			);
			target = 6F4568D52FFF392600089E28 /* XpertCodeTestUITests */;
		};
/* End PBXFileSystemSynchronizedBuildFileExceptionSet section */

/* Begin PBXFileSystemSynchronizedRootGroup section */
		6F4568B32FFF392400089E28 /* XpertCodeTest */ = {
			isa = PBXFileSystemSynchronizedRootGroup;
			exceptions = (
				6F4568DE2FFF392600089E28 /* Exceptions for "XpertCodeTest" folder in "XpertCodeTest" target */,
				6FF0B36D3004019E00D71301 /* Exceptions for "XpertCodeTest" folder in "XpertCodeTestTests" target */,
				6FF0B36E3004019E00D71301 /* Exceptions for "XpertCodeTest" folder in "XpertCodeTestUITests" target */,
			);
			path = XpertCodeTest;
			sourceTree = "<group>";
		};
		6F4568CF2FFF392600089E28 /* XpertCodeTestTests */ = {
			isa = PBXFileSystemSynchronizedRootGroup;
			path = XpertCodeTestTests;
			sourceTree = "<group>";
		};
		6F4568D92FFF392600089E28 /* XpertCodeTestUITests */ = {
			isa = PBXFileSystemSynchronizedRootGroup;
			path = XpertCodeTestUITests;
			sourceTree = "<group>";
		};
/* End PBXFileSystemSynchronizedRootGroup section */

/* Begin PBXFrameworksBuildPhase section */
		6F4568AE2FFF392400089E28 /* Frameworks */ = {
			isa = PBXFrameworksBuildPhase;
			buildActionMask = 2147483647;
			files = (
			);
			runOnlyForDeploymentPostprocessing = 0;
		};
		6F4568C92FFF392600089E28 /* Frameworks */ = {
			isa = PBXFrameworksBuildPhase;
			buildActionMask = 2147483647;
			files = (
			);
			runOnlyForDeploymentPostprocessing = 0;
		};
		6F4568D32FFF392600089E28 /* Frameworks */ = {
			isa = PBXFrameworksBuildPhase;
			buildActionMask = 2147483647;
			files = (
			);
			runOnlyForDeploymentPostprocessing = 0;
		};
/* End PBXFrameworksBuildPhase section */

/* Begin PBXGroup section */
		6F4568A82FFF392400089E28 = {
			isa = PBXGroup;
			children = (
				6F4568B32FFF392400089E28 /* XpertCodeTest */,
				6F4568CF2FFF392600089E28 /* XpertCodeTestTests */,
				6F4568D92FFF392600089E28 /* XpertCodeTestUITests */,
				6F4568B22FFF392400089E28 /* Products */,
			);
			sourceTree = "<group>";
		};
		6F4568B22FFF392400089E28 /* Products */ = {
			isa = PBXGroup;
			children = (
				6F4568B12FFF392400089E28 /* XpertCodeTest.app */,
				6F4568CC2FFF392600089E28 /* XpertCodeTestTests.xctest */,
				6F4568D62FFF392600089E28 /* XpertCodeTestUITests.xctest */,
			);
			name = Products;
			sourceTree = "<group>";
		};
/* End PBXGroup section */

/* Begin PBXNativeTarget section */
		6F4568B02FFF392400089E28 /* XpertCodeTest */ = {
			isa = PBXNativeTarget;
			buildConfigurationList = 6F4568DF2FFF392600089E28 /* Build configuration list for PBXNativeTarget "XpertCodeTest" */;
			buildPhases = (
				6F4568AD2FFF392400089E28 /* Sources */,
				6F4568AE2FFF392400089E28 /* Frameworks */,
				6F4568AF2FFF392400089E28 /* Resources */,
			);
			buildRules = (
			);
			dependencies = (
			);
			fileSystemSynchronizedGroups = (
				6F4568B32FFF392400089E28 /* XpertCodeTest */,
			);
			name = XpertCodeTest;
			packageProductDependencies = (
			);
			productName = XpertCodeTest;
			productReference = 6F4568B12FFF392400089E28 /* XpertCodeTest.app */;
			productType = "com.apple.product-type.application";
		};
		6F4568CB2FFF392600089E28 /* XpertCodeTestTests */ = {
			isa = PBXNativeTarget;
			buildConfigurationList = 6F4568E42FFF392600089E28 /* Build configuration list for PBXNativeTarget "XpertCodeTestTests" */;
			buildPhases = (
				6F4568C82FFF392600089E28 /* Sources */,
				6F4568C92FFF392600089E28 /* Frameworks */,
				6F4568CA2FFF392600089E28 /* Resources */,
			);
			buildRules = (
			);
			dependencies = (
				6F4568CE2FFF392600089E28 /* PBXTargetDependency */,
			);
			fileSystemSynchronizedGroups = (
				6F4568CF2FFF392600089E28 /* XpertCodeTestTests */,
			);
			name = XpertCodeTestTests;
			packageProductDependencies = (
			);
			productName = XpertCodeTestTests;
			productReference = 6F4568CC2FFF392600089E28 /* XpertCodeTestTests.xctest */;
			productType = "com.apple.product-type.bundle.unit-test";
		};
		6F4568D52FFF392600089E28 /* XpertCodeTestUITests */ = {
			isa = PBXNativeTarget;
			buildConfigurationList = 6F4568E72FFF392600089E28 /* Build configuration list for PBXNativeTarget "XpertCodeTestUITests" */;
			buildPhases = (
				6F4568D22FFF392600089E28 /* Sources */,
				6F4568D32FFF392600089E28 /* Frameworks */,
				6F4568D42FFF392600089E28 /* Resources */,
			);
			buildRules = (
			);
			dependencies = (
				6F4568D82FFF392600089E28 /* PBXTargetDependency */,
			);
			fileSystemSynchronizedGroups = (
				6F4568D92FFF392600089E28 /* XpertCodeTestUITests */,
			);
			name = XpertCodeTestUITests;
			packageProductDependencies = (
			);
			productName = XpertCodeTestUITests;
			productReference = 6F4568D62FFF392600089E28 /* XpertCodeTestUITests.xctest */;
			productType = "com.apple.product-type.bundle.ui-testing";
		};
/* End PBXNativeTarget section */

/* Begin PBXProject section */
		6F4568A92FFF392400089E28 /* Project object */ = {
			isa = PBXProject;
			attributes = {
				BuildIndependentTargetsInParallel = 1;
				LastUpgradeCheck = 1630;
				TargetAttributes = {
					6F4568B02FFF392400089E28 = {
						CreatedOnToolsVersion = 16.3;
						LastSwiftMigration = 1630;
					};
					6F4568CB2FFF392600089E28 = {
						CreatedOnToolsVersion = 16.3;
						TestTargetID = 6F4568B02FFF392400089E28;
					};
					6F4568D52FFF392600089E28 = {
						CreatedOnToolsVersion = 16.3;
						LastSwiftMigration = 1630;
						TestTargetID = 6F4568B02FFF392400089E28;
					};
				};
			};
			buildConfigurationList = 6F4568AC2FFF392400089E28 /* Build configuration list for PBXProject "XpertCodeTest" */;
			developmentRegion = en;
			hasScannedForEncodings = 0;
			knownRegions = (
				en,
				Base,
			);
			mainGroup = 6F4568A82FFF392400089E28;
			minimizedProjectReferenceProxies = 1;
			preferredProjectObjectVersion = 77;
			productRefGroup = 6F4568B22FFF392400089E28 /* Products */;
			projectDirPath = "";
			projectRoot = "";
			targets = (
				6F4568B02FFF392400089E28 /* XpertCodeTest */,
				6F4568CB2FFF392600089E28 /* XpertCodeTestTests */,
				6F4568D52FFF392600089E28 /* XpertCodeTestUITests */,
			);
		};
/* End PBXProject section */

/* Begin PBXResourcesBuildPhase section */
		6F4568AF2FFF392400089E28 /* Resources */ = {
			isa = PBXResourcesBuildPhase;
			buildActionMask = 2147483647;
			files = (
			);
			runOnlyForDeploymentPostprocessing = 0;
		};
		6F4568CA2FFF392600089E28 /* Resources */ = {
			isa = PBXResourcesBuildPhase;
			buildActionMask = 2147483647;
			files = (
			);
			runOnlyForDeploymentPostprocessing = 0;
		};
		6F4568D42FFF392600089E28 /* Resources */ = {
			isa = PBXResourcesBuildPhase;
			buildActionMask = 2147483647;
			files = (
			);
			runOnlyForDeploymentPostprocessing = 0;
		};
/* End PBXResourcesBuildPhase section */

/* Begin PBXSourcesBuildPhase section */
		6F4568AD2FFF392400089E28 /* Sources */ = {
			isa = PBXSourcesBuildPhase;
			buildActionMask = 2147483647;
			files = (
			);
			runOnlyForDeploymentPostprocessing = 0;
		};
		6F4568C82FFF392600089E28 /* Sources */ = {
			isa = PBXSourcesBuildPhase;
			buildActionMask = 2147483647;
			files = (
			);
			runOnlyForDeploymentPostprocessing = 0;
		};
		6F4568D22FFF392600089E28 /* Sources */ = {
			isa = PBXSourcesBuildPhase;
			buildActionMask = 2147483647;
			files = (
			);
			runOnlyForDeploymentPostprocessing = 0;
		};
/* End PBXSourcesBuildPhase section */

/* Begin PBXTargetDependency section */
		6F4568CE2FFF392600089E28 /* PBXTargetDependency */ = {
			isa = PBXTargetDependency;
			target = 6F4568B02FFF392400089E28 /* XpertCodeTest */;
			targetProxy = 6F4568CD2FFF392600089E28 /* PBXContainerItemProxy */;
		};
		6F4568D82FFF392600089E28 /* PBXTargetDependency */ = {
			isa = PBXTargetDependency;
			target = 6F4568B02FFF392400089E28 /* XpertCodeTest */;
			targetProxy = 6F4568D72FFF392600089E28 /* PBXContainerItemProxy */;
		};
/* End PBXTargetDependency section */

/* Begin XCBuildConfiguration section */
		6F4568E02FFF392600089E28 /* Debug */ = {
			isa = XCBuildConfiguration;
			buildSettings = {
				ASSETCATALOG_COMPILER_APPICON_NAME = AppIcon;
				ASSETCATALOG_COMPILER_GLOBAL_ACCENT_COLOR_NAME = AccentColor;
				CLANG_ENABLE_MODULES = YES;
				CODE_SIGN_STYLE = Automatic;
				CURRENT_PROJECT_VERSION = 1;
				DEVELOPMENT_TEAM = U9T4X59LER;
				GENERATE_INFOPLIST_FILE = YES;
				INFOPLIST_FILE = XpertCodeTest/Info.plist;
				INFOPLIST_KEY_UIApplicationSupportsIndirectInputEvents = YES;
				INFOPLIST_KEY_UILaunchStoryboardName = LaunchScreen;
				INFOPLIST_KEY_UISupportedInterfaceOrientations_iPad = "UIInterfaceOrientationPortrait UIInterfaceOrientationPortraitUpsideDown UIInterfaceOrientationLandscapeLeft UIInterfaceOrientationLandscapeRight";
				INFOPLIST_KEY_UISupportedInterfaceOrientations_iPhone = "UIInterfaceOrientationPortrait UIInterfaceOrientationLandscapeLeft UIInterfaceOrientationLandscapeRight";
				LD_RUNPATH_SEARCH_PATHS = (
					"$(inherited)",
					"@executable_path/Frameworks",
				);
				MARKETING_VERSION = 1.0;
				PRODUCT_BUNDLE_IDENTIFIER = org.legd.learning.XpertCodeTest;
				PRODUCT_NAME = "$(TARGET_NAME)";
				SUPPORTED_PLATFORMS = "iphoneos iphonesimulator";
				SUPPORTS_MACCATALYST = NO;
				SUPPORTS_MAC_DESIGNED_FOR_IPHONE_IPAD = NO;
				SUPPORTS_XR_DESIGNED_FOR_IPHONE_IPAD = NO;
				SWIFT_EMIT_LOC_STRINGS = YES;
				SWIFT_OBJC_BRIDGING_HEADER = "XpertCodeTest/addNewContact/XpertCodeTest-Bridging-Header.h";
				SWIFT_OPTIMIZATION_LEVEL = "-Onone";
				SWIFT_VERSION = 6.0;
				TARGETED_DEVICE_FAMILY = "1,2";
			};
			name = Debug;
		};
		6F4568E12FFF392600089E28 /* Release */ = {
			isa = XCBuildConfiguration;
			buildSettings = {
				ASSETCATALOG_COMPILER_APPICON_NAME = AppIcon;
				ASSETCATALOG_COMPILER_GLOBAL_ACCENT_COLOR_NAME = AccentColor;
				CLANG_ENABLE_MODULES = YES;
				CODE_SIGN_STYLE = Automatic;
				CURRENT_PROJECT_VERSION = 1;
				DEVELOPMENT_TEAM = U9T4X59LER;
				GENERATE_INFOPLIST_FILE = YES;
				INFOPLIST_FILE = XpertCodeTest/Info.plist;
				INFOPLIST_KEY_UIApplicationSupportsIndirectInputEvents = YES;
				INFOPLIST_KEY_UILaunchStoryboardName = LaunchScreen;
				INFOPLIST_KEY_UISupportedInterfaceOrientations_iPad = "UIInterfaceOrientationPortrait UIInterfaceOrientationPortraitUpsideDown UIInterfaceOrientationLandscapeLeft UIInterfaceOrientationLandscapeRight";
				INFOPLIST_KEY_UISupportedInterfaceOrientations_iPhone = "UIInterfaceOrientationPortrait UIInterfaceOrientationLandscapeLeft UIInterfaceOrientationLandscapeRight";
				LD_RUNPATH_SEARCH_PATHS = (
					"$(inherited)",
					"@executable_path/Frameworks",
				);
				MARKETING_VERSION = 1.0;
				PRODUCT_BUNDLE_IDENTIFIER = org.legd.learning.XpertCodeTest;
				PRODUCT_NAME = "$(TARGET_NAME)";
				SUPPORTED_PLATFORMS = "iphoneos iphonesimulator";
				SUPPORTS_MACCATALYST = NO;
				SUPPORTS_MAC_DESIGNED_FOR_IPHONE_IPAD = NO;
				SUPPORTS_XR_DESIGNED_FOR_IPHONE_IPAD = NO;
				SWIFT_EMIT_LOC_STRINGS = YES;
				SWIFT_OBJC_BRIDGING_HEADER = "XpertCodeTest/addNewContact/XpertCodeTest-Bridging-Header.h";
				SWIFT_VERSION = 6.0;
				TARGETED_DEVICE_FAMILY = "1,2";
			};
			name = Release;
		};
		6F4568E22FFF392600089E28 /* Debug */ = {
			isa = XCBuildConfiguration;
			buildSettings = {
				ALWAYS_SEARCH_USER_PATHS = NO;
				ASSETCATALOG_COMPILER_GENERATE_SWIFT_ASSET_SYMBOL_EXTENSIONS = YES;
				CLANG_ANALYZER_NONNULL = YES;
				CLANG_ANALYZER_NUMBER_OBJECT_CONVERSION = YES_AGGRESSIVE;
				CLANG_CXX_LANGUAGE_STANDARD = "gnu++20";
				CLANG_ENABLE_MODULES = YES;
				CLANG_ENABLE_OBJC_ARC = YES;
				CLANG_ENABLE_OBJC_WEAK = YES;
				CLANG_WARN_BLOCK_CAPTURE_AUTORELEASING = YES;
				CLANG_WARN_BOOL_CONVERSION = YES;
				CLANG_WARN_COMMA = YES;
				CLANG_WARN_CONSTANT_CONVERSION = YES;
				CLANG_WARN_DEPRECATED_OBJC_IMPLEMENTATIONS = YES;
				CLANG_WARN_DIRECT_OBJC_ISA_USAGE = YES_ERROR;
				CLANG_WARN_DOCUMENTATION_COMMENTS = YES;
				CLANG_WARN_EMPTY_BODY = YES;
				CLANG_WARN_ENUM_CONVERSION = YES;
				CLANG_WARN_INFINITE_RECURSION = YES;
				CLANG_WARN_INT_CONVERSION = YES;
				CLANG_WARN_NON_LITERAL_NULL_CONVERSION = YES;
				CLANG_WARN_OBJC_IMPLICIT_RETAIN_SELF = YES;
				CLANG_WARN_OBJC_LITERAL_CONVERSION = YES;
				CLANG_WARN_OBJC_ROOT_CLASS = YES_ERROR;
				CLANG_WARN_QUOTED_INCLUDE_IN_FRAMEWORK_HEADER = YES;
				CLANG_WARN_RANGE_LOOP_ANALYSIS = YES;
				CLANG_WARN_STRICT_PROTOTYPES = YES;
				CLANG_WARN_SUSPICIOUS_MOVE = YES;
				CLANG_WARN_UNGUARDED_AVAILABILITY = YES_AGGRESSIVE;
				CLANG_WARN_UNREACHABLE_CODE = YES;
				CLANG_WARN__DUPLICATE_METHOD_MATCH = YES;
				COPY_PHASE_STRIP = NO;
				DEBUG_INFORMATION_FORMAT = dwarf;
				DEVELOPMENT_TEAM = U9T4X59LER;
				ENABLE_STRICT_OBJC_MSGSEND = YES;
				ENABLE_TESTABILITY = YES;
				ENABLE_USER_SCRIPT_SANDBOXING = YES;
				GCC_C_LANGUAGE_STANDARD = gnu17;
				GCC_DYNAMIC_NO_PIC = NO;
				GCC_NO_COMMON_BLOCKS = YES;
				GCC_OPTIMIZATION_LEVEL = 0;
				GCC_PREPROCESSOR_DEFINITIONS = (
					"DEBUG=1",
					"$(inherited)",
				);
				GCC_WARN_64_TO_32_BIT_CONVERSION = YES;
				GCC_WARN_ABOUT_RETURN_TYPE = YES_ERROR;
				GCC_WARN_UNDECLARED_SELECTOR = YES;
				GCC_WARN_UNINITIALIZED_AUTOS = YES_AGGRESSIVE;
				GCC_WARN_UNUSED_FUNCTION = YES;
				GCC_WARN_UNUSED_VARIABLE = YES;
				IPHONEOS_DEPLOYMENT_TARGET = 18.4;
				LOCALIZATION_PREFERS_STRING_CATALOGS = YES;
				MTL_ENABLE_DEBUG_INFO = INCLUDE_SOURCE;
				MTL_FAST_MATH = YES;
				ONLY_ACTIVE_ARCH = YES;
				SDKROOT = iphoneos;
			};
			name = Debug;
		};
		6F4568E32FFF392600089E28 /* Release */ = {
			isa = XCBuildConfiguration;
			buildSettings = {
				ALWAYS_SEARCH_USER_PATHS = NO;
				ASSETCATALOG_COMPILER_GENERATE_SWIFT_ASSET_SYMBOL_EXTENSIONS = YES;
				CLANG_ANALYZER_NONNULL = YES;
				CLANG_ANALYZER_NUMBER_OBJECT_CONVERSION = YES_AGGRESSIVE;
				CLANG_CXX_LANGUAGE_STANDARD = "gnu++20";
				CLANG_ENABLE_MODULES = YES;
				CLANG_ENABLE_OBJC_ARC = YES;
				CLANG_ENABLE_OBJC_WEAK = YES;
				CLANG_WARN_BLOCK_CAPTURE_AUTORELEASING = YES;
				CLANG_WARN_BOOL_CONVERSION = YES;
				CLANG_WARN_COMMA = YES;
				CLANG_WARN_CONSTANT_CONVERSION = YES;
				CLANG_WARN_DEPRECATED_OBJC_IMPLEMENTATIONS = YES;
				CLANG_WARN_DIRECT_OBJC_ISA_USAGE = YES_ERROR;
				CLANG_WARN_DOCUMENTATION_COMMENTS = YES;
				CLANG_WARN_EMPTY_BODY = YES;
				CLANG_WARN_ENUM_CONVERSION = YES;
				CLANG_WARN_INFINITE_RECURSION = YES;
				CLANG_WARN_INT_CONVERSION = YES;
				CLANG_WARN_NON_LITERAL_NULL_CONVERSION = YES;
				CLANG_WARN_OBJC_IMPLICIT_RETAIN_SELF = YES;
				CLANG_WARN_OBJC_LITERAL_CONVERSION = YES;
				CLANG_WARN_OBJC_ROOT_CLASS = YES_ERROR;
				CLANG_WARN_QUOTED_INCLUDE_IN_FRAMEWORK_HEADER = YES;
				CLANG_WARN_RANGE_LOOP_ANALYSIS = YES;
				CLANG_WARN_STRICT_PROTOTYPES = YES;
				CLANG_WARN_SUSPICIOUS_MOVE = YES;
				CLANG_WARN_UNGUARDED_AVAILABILITY = YES_AGGRESSIVE;
				CLANG_WARN_UNREACHABLE_CODE = YES;
				CLANG_WARN__DUPLICATE_METHOD_MATCH = YES;
				COPY_PHASE_STRIP = NO;
				DEBUG_INFORMATION_FORMAT = "dwarf-with-dsym";
				DEVELOPMENT_TEAM = U9T4X59LER;
				ENABLE_NS_ASSERTIONS = NO;
				ENABLE_STRICT_OBJC_MSGSEND = YES;
				ENABLE_USER_SCRIPT_SANDBOXING = YES;
				GCC_C_LANGUAGE_STANDARD = gnu17;
				GCC_NO_COMMON_BLOCKS = YES;
				GCC_WARN_64_TO_32_BIT_CONVERSION = YES;
				GCC_WARN_ABOUT_RETURN_TYPE = YES_ERROR;
				GCC_WARN_UNDECLARED_SELECTOR = YES;
				GCC_WARN_UNINITIALIZED_AUTOS = YES_AGGRESSIVE;
				GCC_WARN_UNUSED_FUNCTION = YES;
				GCC_WARN_UNUSED_VARIABLE = YES;
				IPHONEOS_DEPLOYMENT_TARGET = 18.4;
				LOCALIZATION_PREFERS_STRING_CATALOGS = YES;
				MTL_ENABLE_DEBUG_INFO = NO;
				MTL_FAST_MATH = YES;
				SDKROOT = iphoneos;
				VALIDATE_PRODUCT = YES;
			};
			name = Release;
		};
		6F4568E52FFF392600089E28 /* Debug */ = {
			isa = XCBuildConfiguration;
			buildSettings = {
				BUNDLE_LOADER = "$(TEST_HOST)";
				CODE_SIGN_STYLE = Automatic;
				CURRENT_PROJECT_VERSION = 1;
				DEVELOPMENT_TEAM = U9T4X59LER;
				GENERATE_INFOPLIST_FILE = YES;
				HEADER_SEARCH_PATHS = (
					"$(inherited)",
					"$(PROJECT_TEMP_DIR)/$(CONFIGURATION)$(EFFECTIVE_PLATFORM_NAME)/XpertCodeTest.build/DerivedSources/**",
				);
				IPHONEOS_DEPLOYMENT_TARGET = 18.4;
				MARKETING_VERSION = 1.0;
				PRODUCT_BUNDLE_IDENTIFIER = org.legd.learning.XpertCodeTestTests;
				PRODUCT_NAME = "$(TARGET_NAME)";
				SWIFT_EMIT_LOC_STRINGS = NO;
				SWIFT_VERSION = 6.0;
				TARGETED_DEVICE_FAMILY = "1,2";
				TEST_HOST = "$(BUILT_PRODUCTS_DIR)/XpertCodeTest.app/$(BUNDLE_EXECUTABLE_FOLDER_PATH)/XpertCodeTest";
			};
			name = Debug;
		};
		6F4568E62FFF392600089E28 /* Release */ = {
			isa = XCBuildConfiguration;
			buildSettings = {
				BUNDLE_LOADER = "$(TEST_HOST)";
				CODE_SIGN_STYLE = Automatic;
				CURRENT_PROJECT_VERSION = 1;
				DEVELOPMENT_TEAM = U9T4X59LER;
				GENERATE_INFOPLIST_FILE = YES;
				HEADER_SEARCH_PATHS = (
					"$(inherited)",
					"$(PROJECT_TEMP_DIR)/$(CONFIGURATION)$(EFFECTIVE_PLATFORM_NAME)/XpertCodeTest.build/DerivedSources/**",
				);
				IPHONEOS_DEPLOYMENT_TARGET = 18.4;
				MARKETING_VERSION = 1.0;
				PRODUCT_BUNDLE_IDENTIFIER = org.legd.learning.XpertCodeTestTests;
				PRODUCT_NAME = "$(TARGET_NAME)";
				SWIFT_EMIT_LOC_STRINGS = NO;
				SWIFT_VERSION = 6.0;
				TARGETED_DEVICE_FAMILY = "1,2";
				TEST_HOST = "$(BUILT_PRODUCTS_DIR)/XpertCodeTest.app/$(BUNDLE_EXECUTABLE_FOLDER_PATH)/XpertCodeTest";
			};
			name = Release;
		};
		6F4568E82FFF392600089E28 /* Debug */ = {
			isa = XCBuildConfiguration;
			buildSettings = {
				CLANG_ENABLE_MODULES = YES;
				CODE_SIGN_STYLE = Automatic;
				CURRENT_PROJECT_VERSION = 1;
				DEVELOPMENT_TEAM = U9T4X59LER;
				GENERATE_INFOPLIST_FILE = YES;
				MARKETING_VERSION = 1.0;
				PRODUCT_BUNDLE_IDENTIFIER = org.legd.learning.XpertCodeTestUITests;
				PRODUCT_NAME = "$(TARGET_NAME)";
				SWIFT_EMIT_LOC_STRINGS = NO;
				SWIFT_OBJC_BRIDGING_HEADER = "XpertCodeTestUITests/XpertCodeTestUITests-Bridging-Header.h";
				SWIFT_OPTIMIZATION_LEVEL = "-Onone";
				SWIFT_VERSION = 6.0;
				TARGETED_DEVICE_FAMILY = "1,2";
				TEST_TARGET_NAME = XpertCodeTest;
			};
			name = Debug;
		};
		6F4568E92FFF392600089E28 /* Release */ = {
			isa = XCBuildConfiguration;
			buildSettings = {
				CLANG_ENABLE_MODULES = YES;
				CODE_SIGN_STYLE = Automatic;
				CURRENT_PROJECT_VERSION = 1;
				DEVELOPMENT_TEAM = U9T4X59LER;
				GENERATE_INFOPLIST_FILE = YES;
				MARKETING_VERSION = 1.0;
				PRODUCT_BUNDLE_IDENTIFIER = org.legd.learning.XpertCodeTestUITests;
				PRODUCT_NAME = "$(TARGET_NAME)";
				SWIFT_EMIT_LOC_STRINGS = NO;
				SWIFT_OBJC_BRIDGING_HEADER = "XpertCodeTestUITests/XpertCodeTestUITests-Bridging-Header.h";
				SWIFT_VERSION = 6.0;
				TARGETED_DEVICE_FAMILY = "1,2";
				TEST_TARGET_NAME = XpertCodeTest;
			};
			name = Release;
		};
/* End XCBuildConfiguration section */

/* Begin XCConfigurationList section */
		6F4568AC2FFF392400089E28 /* Build configuration list for PBXProject "XpertCodeTest" */ = {
			isa = XCConfigurationList;
			buildConfigurations = (
				6F4568E22FFF392600089E28 /* Debug */,
				6F4568E32FFF392600089E28 /* Release */,
			);
			defaultConfigurationIsVisible = 0;
			defaultConfigurationName = Debug;
		};
		6F4568DF2FFF392600089E28 /* Build configuration list for PBXNativeTarget "XpertCodeTest" */ = {
			isa = XCConfigurationList;
			buildConfigurations = (
				6F4568E02FFF392600089E28 /* Debug */,
				6F4568E12FFF392600089E28 /* Release */,
			);
			defaultConfigurationIsVisible = 0;
			defaultConfigurationName = Debug;
		};
		6F4568E42FFF392600089E28 /* Build configuration list for PBXNativeTarget "XpertCodeTestTests" */ = {
			isa = XCConfigurationList;
			buildConfigurations = (
				6F4568E52FFF392600089E28 /* Debug */,
				6F4568E62FFF392600089E28 /* Release */,
			);
			defaultConfigurationIsVisible = 0;
			defaultConfigurationName = Debug;
		};
		6F4568E72FFF392600089E28 /* Build configuration list for PBXNativeTarget "XpertCodeTestUITests" */ = {
			isa = XCConfigurationList;
			buildConfigurations = (
				6F4568E82FFF392600089E28 /* Debug */,
				6F4568E92FFF392600089E28 /* Release */,
			);
			defaultConfigurationIsVisible = 0;
			defaultConfigurationName = Debug;
		};
/* End XCConfigurationList section */
	};
	rootObject = 6F4568A92FFF392400089E28 /* Project object */;
}
